// !$*UTF8*$!
{
	archiveVersion = 1;
	classes = {
	};
	objectVersion = 46;
	objects = {

/* Begin PBXBuildFile section */
		3E116EEF1463F6E80096D18F /* UIKit.framework in Frameworks */ = {isa = PBXBuildFile; fileRef = 3E116EEE1463F6E80096D18F /* UIKit.framework */; };
		3E116EF11463F6E80096D18F /* Foundation.framework in Frameworks */ = {isa = PBXBuildFile; fileRef = 3E116EF01463F6E80096D18F /* Foundation.framework */; };
		3E116EF31463F6E80096D18F /* CoreGraphics.framework in Frameworks */ = {isa = PBXBuildFile; fileRef = 3E116EF21463F6E80096D18F /* CoreGraphics.framework */; };
		3E116EF91463F6E80096D18F /* InfoPlist.strings in Resources */ = {isa = PBXBuildFile; fileRef = 3E116EF71463F6E80096D18F /* InfoPlist.strings */; };
		3E116EFB1463F6E80096D18F /* main.m in Sources */ = {isa = PBXBuildFile; fileRef = 3E116EFA1463F6E80096D18F /* main.m */; };
		3E116EFF1463F6E80096D18F /* QRreaderAppDelegate.m in Sources */ = {isa = PBXBuildFile; fileRef = 3E116EFE1463F6E80096D18F /* QRreaderAppDelegate.m */; };
/* End PBXBuildFile section */

/* Begin PBXFileReference section */
		3E116EEA1463F6E80096D18F /* QRreader.app */ = {isa = PBXFileReference; explicitFileType = wrapper.application; includeInIndex = 0; path = QRreader.app; sourceTree = BUILT_PRODUCTS_DIR; };
		3E116EEE1463F6E80096D18F /* UIKit.framework */ = {isa = PBXFileReference; lastKnownFileType = wrapper.framework; name = UIKit.framework; path = System/Library/Frameworks/UIKit.framework; sourceTree = SDKROOT; };
		3E116EF01463F6E80096D18F /* Foundation.framework */ = {isa = PBXFileReference; lastKnownFileType = wrapper.framework; name = Foundation.framework; path = System/Library/Frameworks/Foundation.framework; sourceTree = SDKROOT; };
		3E116EF21463F6E80096D18F /* CoreGraphics.framework */ = {isa = PBXFileReference; lastKnownFileType = wrapper.framework; name = CoreGraphics.framework; path = System/Library/Frameworks/CoreGraphics.framework; sourceTree = SDKROOT; };
		3E116EF61463F6E80096D18F /* QRreader-Info.plist */ = {isa = PBXFileReference; lastKnownFileType = text.plist.xml; path = "QRreader-Info.plist"; sourceTree = "<group>"; };
		3E116EF81463F6E80096D18F /* en */ = {isa = PBXFileReference; lastKnownFileType = text.plist.strings; name = en; path = en.lproj/InfoPlist.strings; sourceTree = "<group>"; };
		3E116EFA1463F6E80096D18F /* main.m */ = {isa = PBXFileReference; lastKnownFileType = sourcecode.c.objc; path = main.m; sourceTree = "<group>"; };
		3E116EFC1463F6E80096D18F /* QRreader-Prefix.pch */ = {isa = PBXFileReference; lastKnownFileType = sourcecode.c.h; path = "QRreader-Prefix.pch"; sourceTree = "<group>"; };
		3E116EFD1463F6E80096D18F /* QRreaderAppDelegate.h */ = {isa = PBXFileReference; lastKnownFileType = sourcecode.c.h; path = QRreaderAppDelegate.h; sourceTree = "<group>"; };
		3E116EFE1463F6E80096D18F /* QRreaderAppDelegate.m */ = {isa = PBXFileReference; lastKnownFileType = sourcecode.c.objc; path = QRreaderAppDelegate.m; sourceTree = "<group>"; };
/* End PBXFileReference section */

/* Begin PBXFrameworksBuildPhase section */
		3E116EE71463F6E80096D18F /* Frameworks */ = {
			isa = PBXFrameworksBuildPhase;
			buildActionMask = 2147483647;
			files = (
				3E116EEF1463F6E80096D18F /* UIKit.framework in Frameworks */,
				3E116EF11463F6E80096D18F /* Foundation.framework in Frameworks */,
				3E116EF31463F6E80096D18F /* CoreGraphics.framework in Frameworks */,
			);
			runOnlyForDeploymentPostprocessing = 0;
		};
/* End PBXFrameworksBuildPhase section */

/* Begin PBXGroup section */
		3E116EDF1463F6E80096D18F = {
			isa = PBXGroup;
			children = (
				3E116EF41463F6E80096D18F /* QRreader */,
				3E116EED1463F6E80096D18F /* Frameworks */,
				3E116EEB1463F6E80096D18F /* Products */,
			);
			sourceTree = "<group>";
		};
		3E116EEB1463F6E80096D18F /* Products */ = {
			isa = PBXGroup;
			children = (
				3E116EEA1463F6E80096D18F /* QRreader.app */,
			);
			name = Products;
			sourceTree = "<group>";
		};
		3E116EED1463F6E80096D18F /* Frameworks */ = {
			isa = PBXGroup;
			children = (
				3E116EEE1463F6E80096D18F /* UIKit.framework */,
				3E116EF01463F6E80096D18F /* Foundation.framework */,
				3E116EF21463F6E80096D18F /* CoreGraphics.framework */,
			);
			name = Frameworks;
			sourceTree = "<group>";
		};
		3E116EF41463F6E80096D18F /* QRreader */ = {
			isa = PBXGroup;
			children = (
				3E116EFD1463F6E80096D18F /* QRreaderAppDelegate.h */,
				3E116EFE1463F6E80096D18F /* QRreaderAppDelegate.m */,
				3E116EF51463F6E80096D18F /* Supporting Files */,
			);
			path = QRreader;
			sourceTree = "<group>";
		};
		3E116EF51463F6E80096D18F /* Supporting Files */ = {
			isa = PBXGroup;
			children = (
				3E116EF61463F6E80096D18F /* QRreader-Info.plist */,
				3E116EF71463F6E80096D18F /* InfoPlist.strings */,
				3E116EFA1463F6E80096D18F /* main.m */,
				3E116EFC1463F6E80096D18F /* QRreader-Prefix.pch */,
			);
			name = "Supporting Files";
			sourceTree = "<group>";
		};
/* End PBXGroup section */

/* Begin PBXNativeTarget section */
		3E116EE91463F6E80096D18F /* QRreader */ = {
			isa = PBXNativeTarget;
			buildConfigurationList = 3E116F021463F6E80096D18F /* Build configuration list for PBXNativeTarget "QRreader" */;
			buildPhases = (
				3E116EE61463F6E80096D18F /* Sources */,
				3E116EE71463F6E80096D18F /* Frameworks */,
				3E116EE81463F6E80096D18F /* Resources */,
			);
			buildRules = (
			);
			dependencies = (
			);
			name = QRreader;
			productName = QRreader;
			productReference = 3E116EEA1463F6E80096D18F /* QRreader.app */;
			productType = "com.apple.product-type.application";
		};
/* End PBXNativeTarget section */

/* Begin PBXProject section */
		3E116EE11463F6E80096D18F /* Project object */ = {
			isa = PBXProject;
			attributes = {
				LastUpgradeCheck = 0420;
				ORGANIZATIONNAME = UCLA;
			};
			buildConfigurationList = 3E116EE41463F6E80096D18F /* Build configuration list for PBXProject "QRreader" */;
			compatibilityVersion = "Xcode 3.2";
			developmentRegion = English;
			hasScannedForEncodings = 0;
			knownRegions = (
				en,
			);
			mainGroup = 3E116EDF1463F6E80096D18F;
			productRefGroup = 3E116EEB1463F6E80096D18F /* Products */;
			projectDirPath = "";
			projectRoot = "";
			targets = (
				3E116EE91463F6E80096D18F /* QRreader */,
			);
		};
/* End PBXProject section */

/* Begin PBXResourcesBuildPhase section */
		3E116EE81463F6E80096D18F /* Resources */ = {
			isa = PBXResourcesBuildPhase;
			buildActionMask = 2147483647;
			files = (
				3E116EF91463F6E80096D18F /* InfoPlist.strings in Resources */,
			);
			runOnlyForDeploymentPostprocessing = 0;
		};
/* End PBXResourcesBuildPhase section */

/* Begin PBXSourcesBuildPhase section */
		3E116EE61463F6E80096D18F /* Sources */ = {
			isa = PBXSourcesBuildPhase;
			buildActionMask = 2147483647;
			files = (
				3E116EFB1463F6E80096D18F /* main.m in Sources */,
				3E116EFF1463F6E80096D18F /* QRreaderAppDelegate.m in Sources */,
			);
			runOnlyForDeploymentPostprocessing = 0;
		};
/* End PBXSourcesBuildPhase section */

/* Begin PBXVariantGroup section */
		3E116EF71463F6E80096D18F /* InfoPlist.strings */ = {
			isa = PBXVariantGroup;
			children = (
				3E116EF81463F6E80096D18F /* en */,
			);
			name = InfoPlist.strings;
			sourceTree = "<group>";
		};
/* End PBXVariantGroup section */

/* Begin XCBuildConfiguration section */
		3E116F001463F6E80096D18F /* Debug */ = {
			isa = XCBuildConfiguration;
			buildSettings = {
				ALWAYS_SEARCH_USER_PATHS = NO;
				ARCHS = "$(ARCHS_STANDARD_32_BIT)";
				CLANG_ENABLE_OBJC_ARC = YES;
				"CODE_SIGN_IDENTITY[sdk=iphoneos*]" = "iPhone Developer";
				COPY_PHASE_STRIP = NO;
				GCC_C_LANGUAGE_STANDARD = gnu99;
				GCC_DYNAMIC_NO_PIC = NO;
				GCC_OPTIMIZATION_LEVEL = 0;
				GCC_PREPROCESSOR_DEFINITIONS = (
					"DEBUG=1",
					"$(inherited)",
				);
				GCC_SYMBOLS_PRIVATE_EXTERN = NO;
				GCC_VERSION = com.apple.compilers.llvm.clang.1_0;
				GCC_WARN_ABOUT_MISSING_PROTOTYPES = YES;
				GCC_WARN_ABOUT_RETURN_TYPE = YES;
				GCC_WARN_UNUSED_VARIABLE = YES;
				IPHONEOS_DEPLOYMENT_TARGET = 5.0;
				SDKROOT = iphoneos;
			};
			name = Debug;
		};
		3E116F011463F6E80096D18F /* Release */ = {
			isa = XCBuildConfiguration;
			buildSettings = {
				ALWAYS_SEARCH_USER_PATHS = NO;
				ARCHS = "$(ARCHS_STANDARD_32_BIT)";
				CLANG_ENABLE_OBJC_ARC = YES;
				"CODE_SIGN_IDENTITY[sdk=iphoneos*]" = "iPhone Developer";
				COPY_PHASE_STRIP = YES;
				GCC_C_LANGUAGE_STANDARD = gnu99;
				GCC_VERSION = com.apple.compilers.llvm.clang.1_0;
				GCC_WARN_ABOUT_MISSING_PROTOTYPES = YES;
				GCC_WARN_ABOUT_RETURN_TYPE = YES;
				GCC_WARN_UNUSED_VARIABLE = YES;
				IPHONEOS_DEPLOYMENT_TARGET = 5.0;
				OTHER_CFLAGS = "-DNS_BLOCK_ASSERTIONS=1";
				SDKROOT = iphoneos;
				VALIDATE_PRODUCT = YES;
			};
			name = Release;
		};
		3E116F031463F6E80096D18F /* Debug */ = {
			isa = XCBuildConfiguration;
			buildSettings = {
				GCC_PRECOMPILE_PREFIX_HEADER = YES;
				GCC_PREFIX_HEADER = "QRreader/QRreader-Prefix.pch";
				INFOPLIST_FILE = "QRreader/QRreader-Info.plist";
				PRODUCT_NAME = "$(TARGET_NAME)";
				WRAPPER_EXTENSION = app;
			};
			name = Debug;
		};
		3E116F041463F6E80096D18F /* Release */ = {
			isa = XCBuildConfiguration;
			buildSettings = {
				GCC_PRECOMPILE_PREFIX_HEADER = YES;
				GCC_PREFIX_HEADER = "QRreader/QRreader-Prefix.pch";
				INFOPLIST_FILE = "QRreader/QRreader-Info.plist";
				PRODUCT_NAME = "$(TARGET_NAME)";
				WRAPPER_EXTENSION = app;
			};
			name = Release;
		};
/* End XCBuildConfiguration section */

/* Begin XCConfigurationList section */
		3E116EE41463F6E80096D18F /* Build configuration list for PBXProject "QRreader" */ = {
			isa = XCConfigurationList;
			buildConfigurations = (
				3E116F001463F6E80096D18F /* Debug */,
				3E116F011463F6E80096D18F /* Release */,
			);
			defaultConfigurationIsVisible = 0;
			defaultConfigurationName = Release;
		};
		3E116F021463F6E80096D18F /* Build configuration list for PBXNativeTarget "QRreader" */ = {
			isa = XCConfigurationList;
			buildConfigurations = (
				3E116F031463F6E80096D18F /* Debug */,
				3E116F041463F6E80096D18F /* Release */,
			);
			defaultConfigurationIsVisible = 0;
		};
/* End XCConfigurationList section */
	};
	rootObject = 3E116EE11463F6E80096D18F /* Project object */;
}
